{
  "name": "teach-live",
  "version": "1.0.0",
  "lockfileVersion": 1,
  "requires": true,
  "dependencies": {
    "dayjs": {
      "version": "1.8.17",
      "resolved": "https://registry.npm.taobao.org/dayjs/download/dayjs-1.8.17.tgz",
      "integrity": "sha1-U+xBPyp7Aq++oYRtYbsmD6hWfOo="
    }
  }
}
